// !$*UTF8*$!
{
	archiveVersion = 1;
	classes = {
	};
	objectVersion = 46;
	objects = {

/* Begin PBXBuildFile section */
		FAA7E5561F4FF22400E56580 /* ZHBaseTableViewController.m in Sources */ = {isa = PBXBuildFile; fileRef = FAA7E5551F4FF22400E56580 /* ZHBaseTableViewController.m */; };
		FAA7E55B1F4FF70000E56580 /* Launch Screen.storyboard in Resources */ = {isa = PBXBuildFile; fileRef = FAA7E55A1F4FF70000E56580 /* Launch Screen.storyboard */; };
		FACEA0081F4FD5B900660672 /* main.m in Sources */ = {isa = PBXBuildFile; fileRef = FACEA0071F4FD5B900660672 /* main.m */; };
		FACEA00B1F4FD5B900660672 /* AppDelegate.m in Sources */ = {isa = PBXBuildFile; fileRef = FACEA00A1F4FD5B900660672 /* AppDelegate.m */; };
		FACEA00E1F4FD5B900660672 /* ViewController.m in Sources */ = {isa = PBXBuildFile; fileRef = FACEA00D1F4FD5B900660672 /* ViewController.m */; };
		FACEA0111F4FD5B900660672 /* Main.storyboard in Resources */ = {isa = PBXBuildFile; fileRef = FACEA00F1F4FD5B900660672 /* Main.storyboard */; };
		FACEA0131F4FD5B900660672 /* Assets.xcassets in Resources */ = {isa = PBXBuildFile; fileRef = FACEA0121F4FD5B900660672 /* Assets.xcassets */; };
		FACEA07B1F4FDA4100660672 /* MASCompositeConstraint.m in Sources */ = {isa = PBXBuildFile; fileRef = FACEA0631F4FDA4100660672 /* MASCompositeConstraint.m */; };
		FACEA07C1F4FDA4100660672 /* MASConstraint.m in Sources */ = {isa = PBXBuildFile; fileRef = FACEA0661F4FDA4100660672 /* MASConstraint.m */; };
		FACEA07D1F4FDA4100660672 /* MASConstraintMaker.m in Sources */ = {isa = PBXBuildFile; fileRef = FACEA0681F4FDA4100660672 /* MASConstraintMaker.m */; };
		FACEA07E1F4FDA4100660672 /* MASLayoutConstraint.m in Sources */ = {isa = PBXBuildFile; fileRef = FACEA06A1F4FDA4100660672 /* MASLayoutConstraint.m */; };
		FACEA07F1F4FDA4100660672 /* MASViewAttribute.m in Sources */ = {isa = PBXBuildFile; fileRef = FACEA06E1F4FDA4100660672 /* MASViewAttribute.m */; };
		FACEA0801F4FDA4100660672 /* MASViewConstraint.m in Sources */ = {isa = PBXBuildFile; fileRef = FACEA0701F4FDA4100660672 /* MASViewConstraint.m */; };
		FACEA0811F4FDA4100660672 /* NSArray+MASAdditions.m in Sources */ = {isa = PBXBuildFile; fileRef = FACEA0721F4FDA4100660672 /* NSArray+MASAdditions.m */; };
		FACEA0821F4FDA4100660672 /* NSLayoutConstraint+MASDebugAdditions.m in Sources */ = {isa = PBXBuildFile; fileRef = FACEA0751F4FDA4100660672 /* NSLayoutConstraint+MASDebugAdditions.m */; };
		FACEA0831F4FDA4100660672 /* View+MASAdditions.m in Sources */ = {isa = PBXBuildFile; fileRef = FACEA0771F4FDA4100660672 /* View+MASAdditions.m */; };
		FACEA0841F4FDA4100660672 /* ViewController+MASAdditions.m in Sources */ = {isa = PBXBuildFile; fileRef = FACEA07A1F4FDA4100660672 /* ViewController+MASAdditions.m */; };
		FACEA0B11F4FDCDE00660672 /* UIScrollView+EmptyDataSet.m in Sources */ = {isa = PBXBuildFile; fileRef = FACEA0B01F4FDCDE00660672 /* UIScrollView+EmptyDataSet.m */; };
		FACEA0B51F4FDD6D00660672 /* ZHEmptyDataSetPlaceholderView.m in Sources */ = {isa = PBXBuildFile; fileRef = FACEA0B41F4FDD6D00660672 /* ZHEmptyDataSetPlaceholderView.m */; };
/* End PBXBuildFile section */

/* Begin PBXContainerItemProxy section */
		FACEA01D1F4FD5B900660672 /* PBXContainerItemProxy */ = {
			isa = PBXContainerItemProxy;
			containerPortal = FACE9FFB1F4FD5B900660672 /* Project object */;
			proxyType = 1;
			remoteGlobalIDString = FACEA0021F4FD5B900660672;
			remoteInfo = ZHEmptyDataSetPlaceholderViewDemo;
		};
		FACEA0281F4FD5B900660672 /* PBXContainerItemProxy */ = {
			isa = PBXContainerItemProxy;
			containerPortal = FACE9FFB1F4FD5B900660672 /* Project object */;
			proxyType = 1;
			remoteGlobalIDString = FACEA0021F4FD5B900660672;
			remoteInfo = ZHEmptyDataSetPlaceholderViewDemo;
		};
/* End PBXContainerItemProxy section */

/* Begin PBXFileReference section */
		FAA7E5541F4FF22400E56580 /* ZHBaseTableViewController.h */ = {isa = PBXFileReference; fileEncoding = 4; lastKnownFileType = sourcecode.c.h; path = ZHBaseTableViewController.h; sourceTree = "<group>"; };
		FAA7E5551F4FF22400E56580 /* ZHBaseTableViewController.m */ = {isa = PBXFileReference; fileEncoding = 4; lastKnownFileType = sourcecode.c.objc; path = ZHBaseTableViewController.m; sourceTree = "<group>"; };
		FAA7E55A1F4FF70000E56580 /* Launch Screen.storyboard */ = {isa = PBXFileReference; fileEncoding = 4; lastKnownFileType = file.storyboard; path = "Launch Screen.storyboard"; sourceTree = "<group>"; };
		FACEA0031F4FD5B900660672 /* ZHEmptyDataSetPlaceholderViewDemo.app */ = {isa = PBXFileReference; explicitFileType = wrapper.application; includeInIndex = 0; path = ZHEmptyDataSetPlaceholderViewDemo.app; sourceTree = BUILT_PRODUCTS_DIR; };
		FACEA0071F4FD5B900660672 /* main.m */ = {isa = PBXFileReference; lastKnownFileType = sourcecode.c.objc; path = main.m; sourceTree = "<group>"; };
		FACEA0091F4FD5B900660672 /* AppDelegate.h */ = {isa = PBXFileReference; lastKnownFileType = sourcecode.c.h; path = AppDelegate.h; sourceTree = "<group>"; };
		FACEA00A1F4FD5B900660672 /* AppDelegate.m */ = {isa = PBXFileReference; lastKnownFileType = sourcecode.c.objc; path = AppDelegate.m; sourceTree = "<group>"; };
		FACEA00C1F4FD5B900660672 /* ViewController.h */ = {isa = PBXFileReference; lastKnownFileType = sourcecode.c.h; path = ViewController.h; sourceTree = "<group>"; };
		FACEA00D1F4FD5B900660672 /* ViewController.m */ = {isa = PBXFileReference; lastKnownFileType = sourcecode.c.objc; path = ViewController.m; sourceTree = "<group>"; };
		FACEA0101F4FD5B900660672 /* Base */ = {isa = PBXFileReference; lastKnownFileType = file.storyboard; name = Base; path = Base.lproj/Main.storyboard; sourceTree = "<group>"; };
		FACEA0121F4FD5B900660672 /* Assets.xcassets */ = {isa = PBXFileReference; lastKnownFileType = folder.assetcatalog; path = Assets.xcassets; sourceTree = "<group>"; };
		FACEA0171F4FD5B900660672 /* Info.plist */ = {isa = PBXFileReference; lastKnownFileType = text.plist.xml; path = Info.plist; sourceTree = "<group>"; };
		FACEA01C1F4FD5B900660672 /* ZHEmptyDataSetPlaceholderViewDemoTests.xctest */ = {isa = PBXFileReference; explicitFileType = wrapper.cfbundle; includeInIndex = 0; path = ZHEmptyDataSetPlaceholderViewDemoTests.xctest; sourceTree = BUILT_PRODUCTS_DIR; };
		FACEA0271F4FD5B900660672 /* ZHEmptyDataSetPlaceholderViewDemoUITests.xctest */ = {isa = PBXFileReference; explicitFileType = wrapper.cfbundle; includeInIndex = 0; path = ZHEmptyDataSetPlaceholderViewDemoUITests.xctest; sourceTree = BUILT_PRODUCTS_DIR; };
		FACEA0621F4FDA4100660672 /* MASCompositeConstraint.h */ = {isa = PBXFileReference; fileEncoding = 4; lastKnownFileType = sourcecode.c.h; path = MASCompositeConstraint.h; sourceTree = "<group>"; };
		FACEA0631F4FDA4100660672 /* MASCompositeConstraint.m */ = {isa = PBXFileReference; fileEncoding = 4; lastKnownFileType = sourcecode.c.objc; path = MASCompositeConstraint.m; sourceTree = "<group>"; };
		FACEA0641F4FDA4100660672 /* MASConstraint+Private.h */ = {isa = PBXFileReference; fileEncoding = 4; lastKnownFileType = sourcecode.c.h; path = "MASConstraint+Private.h"; sourceTree = "<group>"; };
		FACEA0651F4FDA4100660672 /* MASConstraint.h */ = {isa = PBXFileReference; fileEncoding = 4; lastKnownFileType = sourcecode.c.h; path = MASConstraint.h; sourceTree = "<group>"; };
		FACEA0661F4FDA4100660672 /* MASConstraint.m */ = {isa = PBXFileReference; fileEncoding = 4; lastKnownFileType = sourcecode.c.objc; path = MASConstraint.m; sourceTree = "<group>"; };
		FACEA0671F4FDA4100660672 /* MASConstraintMaker.h */ = {isa = PBXFileReference; fileEncoding = 4; lastKnownFileType = sourcecode.c.h; path = MASConstraintMaker.h; sourceTree = "<group>"; };
		FACEA0681F4FDA4100660672 /* MASConstraintMaker.m */ = {isa = PBXFileReference; fileEncoding = 4; lastKnownFileType = sourcecode.c.objc; path = MASConstraintMaker.m; sourceTree = "<group>"; };
		FACEA0691F4FDA4100660672 /* MASLayoutConstraint.h */ = {isa = PBXFileReference; fileEncoding = 4; lastKnownFileType = sourcecode.c.h; path = MASLayoutConstraint.h; sourceTree = "<group>"; };
		FACEA06A1F4FDA4100660672 /* MASLayoutConstraint.m */ = {isa = PBXFileReference; fileEncoding = 4; lastKnownFileType = sourcecode.c.objc; path = MASLayoutConstraint.m; sourceTree = "<group>"; };
		FACEA06B1F4FDA4100660672 /* Masonry.h */ = {isa = PBXFileReference; fileEncoding = 4; lastKnownFileType = sourcecode.c.h; path = Masonry.h; sourceTree = "<group>"; };
		FACEA06C1F4FDA4100660672 /* MASUtilities.h */ = {isa = PBXFileReference; fileEncoding = 4; lastKnownFileType = sourcecode.c.h; path = MASUtilities.h; sourceTree = "<group>"; };
		FACEA06D1F4FDA4100660672 /* MASViewAttribute.h */ = {isa = PBXFileReference; fileEncoding = 4; lastKnownFileType = sourcecode.c.h; path = MASViewAttribute.h; sourceTree = "<group>"; };
		FACEA06E1F4FDA4100660672 /* MASViewAttribute.m */ = {isa = PBXFileReference; fileEncoding = 4; lastKnownFileType = sourcecode.c.objc; path = MASViewAttribute.m; sourceTree = "<group>"; };
		FACEA06F1F4FDA4100660672 /* MASViewConstraint.h */ = {isa = PBXFileReference; fileEncoding = 4; lastKnownFileType = sourcecode.c.h; path = MASViewConstraint.h; sourceTree = "<group>"; };
		FACEA0701F4FDA4100660672 /* MASViewConstraint.m */ = {isa = PBXFileReference; fileEncoding = 4; lastKnownFileType = sourcecode.c.objc; path = MASViewConstraint.m; sourceTree = "<group>"; };
		FACEA0711F4FDA4100660672 /* NSArray+MASAdditions.h */ = {isa = PBXFileReference; fileEncoding = 4; lastKnownFileType = sourcecode.c.h; path = "NSArray+MASAdditions.h"; sourceTree = "<group>"; };
		FACEA0721F4FDA4100660672 /* NSArray+MASAdditions.m */ = {isa = PBXFileReference; fileEncoding = 4; lastKnownFileType = sourcecode.c.objc; path = "NSArray+MASAdditions.m"; sourceTree = "<group>"; };
		FACEA0731F4FDA4100660672 /* NSArray+MASShorthandAdditions.h */ = {isa = PBXFileReference; fileEncoding = 4; lastKnownFileType = sourcecode.c.h; path = "NSArray+MASShorthandAdditions.h"; sourceTree = "<group>"; };
		FACEA0741F4FDA4100660672 /* NSLayoutConstraint+MASDebugAdditions.h */ = {isa = PBXFileReference; fileEncoding = 4; lastKnownFileType = sourcecode.c.h; path = "NSLayoutConstraint+MASDebugAdditions.h"; sourceTree = "<group>"; };
		FACEA0751F4FDA4100660672 /* NSLayoutConstraint+MASDebugAdditions.m */ = {isa = PBXFileReference; fileEncoding = 4; lastKnownFileType = sourcecode.c.objc; path = "NSLayoutConstraint+MASDebugAdditions.m"; sourceTree = "<group>"; };
		FACEA0761F4FDA4100660672 /* View+MASAdditions.h */ = {isa = PBXFileReference; fileEncoding = 4; lastKnownFileType = sourcecode.c.h; path = "View+MASAdditions.h"; sourceTree = "<group>"; };
		FACEA0771F4FDA4100660672 /* View+MASAdditions.m */ = {isa = PBXFileReference; fileEncoding = 4; lastKnownFileType = sourcecode.c.objc; path = "View+MASAdditions.m"; sourceTree = "<group>"; };
		FACEA0781F4FDA4100660672 /* View+MASShorthandAdditions.h */ = {isa = PBXFileReference; fileEncoding = 4; lastKnownFileType = sourcecode.c.h; path = "View+MASShorthandAdditions.h"; sourceTree = "<group>"; };
		FACEA0791F4FDA4100660672 /* ViewController+MASAdditions.h */ = {isa = PBXFileReference; fileEncoding = 4; lastKnownFileType = sourcecode.c.h; path = "ViewController+MASAdditions.h"; sourceTree = "<group>"; };
		FACEA07A1F4FDA4100660672 /* ViewController+MASAdditions.m */ = {isa = PBXFileReference; fileEncoding = 4; lastKnownFileType = sourcecode.c.objc; path = "ViewController+MASAdditions.m"; sourceTree = "<group>"; };
		FACEA0A91F4FDB0D00660672 /* PrefixHeader.pch */ = {isa = PBXFileReference; lastKnownFileType = sourcecode.c.h; path = PrefixHeader.pch; sourceTree = "<group>"; };
		FACEA0AF1F4FDCDE00660672 /* UIScrollView+EmptyDataSet.h */ = {isa = PBXFileReference; fileEncoding = 4; lastKnownFileType = sourcecode.c.h; path = "UIScrollView+EmptyDataSet.h"; sourceTree = "<group>"; };
		FACEA0B01F4FDCDE00660672 /* UIScrollView+EmptyDataSet.m */ = {isa = PBXFileReference; fileEncoding = 4; lastKnownFileType = sourcecode.c.objc; path = "UIScrollView+EmptyDataSet.m"; sourceTree = "<group>"; };
		FACEA0B31F4FDD6D00660672 /* ZHEmptyDataSetPlaceholderView.h */ = {isa = PBXFileReference; fileEncoding = 4; lastKnownFileType = sourcecode.c.h; path = ZHEmptyDataSetPlaceholderView.h; sourceTree = "<group>"; };
		FACEA0B41F4FDD6D00660672 /* ZHEmptyDataSetPlaceholderView.m */ = {isa = PBXFileReference; fileEncoding = 4; lastKnownFileType = sourcecode.c.objc; path = ZHEmptyDataSetPlaceholderView.m; sourceTree = "<group>"; };
/* End PBXFileReference section */

/* Begin PBXFrameworksBuildPhase section */
		FACEA0001F4FD5B900660672 /* Frameworks */ = {
			isa = PBXFrameworksBuildPhase;
			buildActionMask = 2147483647;
			files = (
			);
			runOnlyForDeploymentPostprocessing = 0;
		};
		FACEA0191F4FD5B900660672 /* Frameworks */ = {
			isa = PBXFrameworksBuildPhase;
			buildActionMask = 2147483647;
			files = (
			);
			runOnlyForDeploymentPostprocessing = 0;
		};
		FACEA0241F4FD5B900660672 /* Frameworks */ = {
			isa = PBXFrameworksBuildPhase;
			buildActionMask = 2147483647;
			files = (
			);
			runOnlyForDeploymentPostprocessing = 0;
		};
/* End PBXFrameworksBuildPhase section */

/* Begin PBXGroup section */
		FACE9FFA1F4FD5B900660672 = {
			isa = PBXGroup;
			children = (
				FACEA0051F4FD5B900660672 /* ZHEmptyDataSetPlaceholderViewDemo */,
				FACEA0041F4FD5B900660672 /* Products */,
			);
			sourceTree = "<group>";
		};
		FACEA0041F4FD5B900660672 /* Products */ = {
			isa = PBXGroup;
			children = (
				FACEA0031F4FD5B900660672 /* ZHEmptyDataSetPlaceholderViewDemo.app */,
				FACEA01C1F4FD5B900660672 /* ZHEmptyDataSetPlaceholderViewDemoTests.xctest */,
				FACEA0271F4FD5B900660672 /* ZHEmptyDataSetPlaceholderViewDemoUITests.xctest */,
			);
			name = Products;
			sourceTree = "<group>";
		};
		FACEA0051F4FD5B900660672 /* ZHEmptyDataSetPlaceholderViewDemo */ = {
			isa = PBXGroup;
			children = (
				FACEA0B21F4FDD6D00660672 /* ZHEmptyDataSetPlaceholderView */,
				FAA7E5541F4FF22400E56580 /* ZHBaseTableViewController.h */,
				FAA7E5551F4FF22400E56580 /* ZHBaseTableViewController.m */,
				FACEA00C1F4FD5B900660672 /* ViewController.h */,
				FACEA00D1F4FD5B900660672 /* ViewController.m */,
				FACEA0AE1F4FDCDE00660672 /* DZNEmptyDataSet */,
				FACEA0611F4FDA4100660672 /* Masonry */,
				FACEA0091F4FD5B900660672 /* AppDelegate.h */,
				FACEA00A1F4FD5B900660672 /* AppDelegate.m */,
				FACEA0A91F4FDB0D00660672 /* PrefixHeader.pch */,
				FACEA00F1F4FD5B900660672 /* Main.storyboard */,
				FAA7E55A1F4FF70000E56580 /* Launch Screen.storyboard */,
				FACEA0121F4FD5B900660672 /* Assets.xcassets */,
				FACEA0171F4FD5B900660672 /* Info.plist */,
				FACEA0061F4FD5B900660672 /* Supporting Files */,
			);
			path = ZHEmptyDataSetPlaceholderViewDemo;
			sourceTree = "<group>";
		};
		FACEA0061F4FD5B900660672 /* Supporting Files */ = {
			isa = PBXGroup;
			children = (
				FACEA0071F4FD5B900660672 /* main.m */,
			);
			name = "Supporting Files";
			sourceTree = "<group>";
		};
		FACEA0611F4FDA4100660672 /* Masonry */ = {
			isa = PBXGroup;
			children = (
				FACEA0621F4FDA4100660672 /* MASCompositeConstraint.h */,
				FACEA0631F4FDA4100660672 /* MASCompositeConstraint.m */,
				FACEA0641F4FDA4100660672 /* MASConstraint+Private.h */,
				FACEA0651F4FDA4100660672 /* MASConstraint.h */,
				FACEA0661F4FDA4100660672 /* MASConstraint.m */,
				FACEA0671F4FDA4100660672 /* MASConstraintMaker.h */,
				FACEA0681F4FDA4100660672 /* MASConstraintMaker.m */,
				FACEA0691F4FDA4100660672 /* MASLayoutConstraint.h */,
				FACEA06A1F4FDA4100660672 /* MASLayoutConstraint.m */,
				FACEA06B1F4FDA4100660672 /* Masonry.h */,
				FACEA06C1F4FDA4100660672 /* MASUtilities.h */,
				FACEA06D1F4FDA4100660672 /* MASViewAttribute.h */,
				FACEA06E1F4FDA4100660672 /* MASViewAttribute.m */,
				FACEA06F1F4FDA4100660672 /* MASViewConstraint.h */,
				FACEA0701F4FDA4100660672 /* MASViewConstraint.m */,
				FACEA0711F4FDA4100660672 /* NSArray+MASAdditions.h */,
				FACEA0721F4FDA4100660672 /* NSArray+MASAdditions.m */,
				FACEA0731F4FDA4100660672 /* NSArray+MASShorthandAdditions.h */,
				FACEA0741F4FDA4100660672 /* NSLayoutConstraint+MASDebugAdditions.h */,
				FACEA0751F4FDA4100660672 /* NSLayoutConstraint+MASDebugAdditions.m */,
				FACEA0761F4FDA4100660672 /* View+MASAdditions.h */,
				FACEA0771F4FDA4100660672 /* View+MASAdditions.m */,
				FACEA0781F4FDA4100660672 /* View+MASShorthandAdditions.h */,
				FACEA0791F4FDA4100660672 /* ViewController+MASAdditions.h */,
				FACEA07A1F4FDA4100660672 /* ViewController+MASAdditions.m */,
			);
			path = Masonry;
			sourceTree = "<group>";
		};
		FACEA0AE1F4FDCDE00660672 /* DZNEmptyDataSet */ = {
			isa = PBXGroup;
			children = (
				FACEA0AF1F4FDCDE00660672 /* UIScrollView+EmptyDataSet.h */,
				FACEA0B01F4FDCDE00660672 /* UIScrollView+EmptyDataSet.m */,
			);
			path = DZNEmptyDataSet;
			sourceTree = "<group>";
		};
		FACEA0B21F4FDD6D00660672 /* ZHEmptyDataSetPlaceholderView */ = {
			isa = PBXGroup;
			children = (
				FACEA0B31F4FDD6D00660672 /* ZHEmptyDataSetPlaceholderView.h */,
				FACEA0B41F4FDD6D00660672 /* ZHEmptyDataSetPlaceholderView.m */,
			);
			path = ZHEmptyDataSetPlaceholderView;
			sourceTree = "<group>";
		};
/* End PBXGroup section */

/* Begin PBXNativeTarget section */
		FACEA0021F4FD5B900660672 /* ZHEmptyDataSetPlaceholderViewDemo */ = {
			isa = PBXNativeTarget;
			buildConfigurationList = FACEA0301F4FD5B900660672 /* Build configuration list for PBXNativeTarget "ZHEmptyDataSetPlaceholderViewDemo" */;
			buildPhases = (
				FACE9FFF1F4FD5B900660672 /* Sources */,
				FACEA0001F4FD5B900660672 /* Frameworks */,
				FACEA0011F4FD5B900660672 /* Resources */,
			);
			buildRules = (
			);
			dependencies = (
			);
			name = ZHEmptyDataSetPlaceholderViewDemo;
			productName = ZHEmptyDataSetPlaceholderViewDemo;
			productReference = FACEA0031F4FD5B900660672 /* ZHEmptyDataSetPlaceholderViewDemo.app */;
			productType = "com.apple.product-type.application";
		};
		FACEA01B1F4FD5B900660672 /* ZHEmptyDataSetPlaceholderViewDemoTests */ = {
			isa = PBXNativeTarget;
			buildConfigurationList = FACEA0331F4FD5B900660672 /* Build configuration list for PBXNativeTarget "ZHEmptyDataSetPlaceholderViewDemoTests" */;
			buildPhases = (
				FACEA0181F4FD5B900660672 /* Sources */,
				FACEA0191F4FD5B900660672 /* Frameworks */,
				FACEA01A1F4FD5B900660672 /* Resources */,
			);
			buildRules = (
			);
			dependencies = (
				FACEA01E1F4FD5B900660672 /* PBXTargetDependency */,
			);
			name = ZHEmptyDataSetPlaceholderViewDemoTests;
			productName = ZHEmptyDataSetPlaceholderViewDemoTests;
			productReference = FACEA01C1F4FD5B900660672 /* ZHEmptyDataSetPlaceholderViewDemoTests.xctest */;
			productType = "com.apple.product-type.bundle.unit-test";
		};
		FACEA0261F4FD5B900660672 /* ZHEmptyDataSetPlaceholderViewDemoUITests */ = {
			isa = PBXNativeTarget;
			buildConfigurationList = FACEA0361F4FD5B900660672 /* Build configuration list for PBXNativeTarget "ZHEmptyDataSetPlaceholderViewDemoUITests" */;
			buildPhases = (
				FACEA0231F4FD5B900660672 /* Sources */,
				FACEA0241F4FD5B900660672 /* Frameworks */,
				FACEA0251F4FD5B900660672 /* Resources */,
			);
			buildRules = (
			);
			dependencies = (
				FACEA0291F4FD5B900660672 /* PBXTargetDependency */,
			);
			name = ZHEmptyDataSetPlaceholderViewDemoUITests;
			productName = ZHEmptyDataSetPlaceholderViewDemoUITests;
			productReference = FACEA0271F4FD5B900660672 /* ZHEmptyDataSetPlaceholderViewDemoUITests.xctest */;
			productType = "com.apple.product-type.bundle.ui-testing";
		};
/* End PBXNativeTarget section */

/* Begin PBXProject section */
		FACE9FFB1F4FD5B900660672 /* Project object */ = {
			isa = PBXProject;
			attributes = {
				LastUpgradeCheck = 0830;
				ORGANIZATIONNAME = Zeaho;
				TargetAttributes = {
					FACEA0021F4FD5B900660672 = {
						CreatedOnToolsVersion = 8.3.3;
						DevelopmentTeam = 2ENWLKZ8AQ;
						ProvisioningStyle = Automatic;
					};
					FACEA01B1F4FD5B900660672 = {
						CreatedOnToolsVersion = 8.3.3;
						DevelopmentTeam = 2ENWLKZ8AQ;
						ProvisioningStyle = Automatic;
						TestTargetID = FACEA0021F4FD5B900660672;
					};
					FACEA0261F4FD5B900660672 = {
						CreatedOnToolsVersion = 8.3.3;
						DevelopmentTeam = 2ENWLKZ8AQ;
						ProvisioningStyle = Automatic;
						TestTargetID = FACEA0021F4FD5B900660672;
					};
				};
			};
			buildConfigurationList = FACE9FFE1F4FD5B900660672 /* Build configuration list for PBXProject "ZHEmptyDataSetPlaceholderViewDemo" */;
			compatibilityVersion = "Xcode 3.2";
			developmentRegion = English;
			hasScannedForEncodings = 0;
			knownRegions = (
				en,
				Base,
			);
			mainGroup = FACE9FFA1F4FD5B900660672;
			productRefGroup = FACEA0041F4FD5B900660672 /* Products */;
			projectDirPath = "";
			projectRoot = "";
			targets = (
				FACEA0021F4FD5B900660672 /* ZHEmptyDataSetPlaceholderViewDemo */,
				FACEA01B1F4FD5B900660672 /* ZHEmptyDataSetPlaceholderViewDemoTests */,
				FACEA0261F4FD5B900660672 /* ZHEmptyDataSetPlaceholderViewDemoUITests */,
			);
		};
/* End PBXProject section */

/* Begin PBXResourcesBuildPhase section */
		FACEA0011F4FD5B900660672 /* Resources */ = {
			isa = PBXResourcesBuildPhase;
			buildActionMask = 2147483647;
			files = (
				FAA7E55B1F4FF70000E56580 /* Launch Screen.storyboard in Resources */,
				FACEA0131F4FD5B900660672 /* Assets.xcassets in Resources */,
				FACEA0111F4FD5B900660672 /* Main.storyboard in Resources */,
			);
			runOnlyForDeploymentPostprocessing = 0;
		};
		FACEA01A1F4FD5B900660672 /* Resources */ = {
			isa = PBXResourcesBuildPhase;
			buildActionMask = 2147483647;
			files = (
			);
			runOnlyForDeploymentPostprocessing = 0;
		};
		FACEA0251F4FD5B900660672 /* Resources */ = {
			isa = PBXResourcesBuildPhase;
			buildActionMask = 2147483647;
			files = (
			);
			runOnlyForDeploymentPostprocessing = 0;
		};
/* End PBXResourcesBuildPhase section */

/* Begin PBXSourcesBuildPhase section */
		FACE9FFF1F4FD5B900660672 /* Sources */ = {
			isa = PBXSourcesBuildPhase;
			buildActionMask = 2147483647;
			files = (
				FACEA07D1F4FDA4100660672 /* MASConstraintMaker.m in Sources */,
				FACEA00E1F4FD5B900660672 /* ViewController.m in Sources */,
				FACEA00B1F4FD5B900660672 /* AppDelegate.m in Sources */,
				FACEA07C1F4FDA4100660672 /* MASConstraint.m in Sources */,
				FACEA0B11F4FDCDE00660672 /* UIScrollView+EmptyDataSet.m in Sources */,
				FACEA0B51F4FDD6D00660672 /* ZHEmptyDataSetPlaceholderView.m in Sources */,
				FACEA0841F4FDA4100660672 /* ViewController+MASAdditions.m in Sources */,
				FACEA07E1F4FDA4100660672 /* MASLayoutConstraint.m in Sources */,
				FACEA0811F4FDA4100660672 /* NSArray+MASAdditions.m in Sources */,
				FACEA0801F4FDA4100660672 /* MASViewConstraint.m in Sources */,
				FAA7E5561F4FF22400E56580 /* ZHBaseTableViewController.m in Sources */,
				FACEA07F1F4FDA4100660672 /* MASViewAttribute.m in Sources */,
				FACEA0831F4FDA4100660672 /* View+MASAdditions.m in Sources */,
				FACEA0081F4FD5B900660672 /* main.m in Sources */,
				FACEA07B1F4FDA4100660672 /* MASCompositeConstraint.m in Sources */,
				FACEA0821F4FDA4100660672 /* NSLayoutConstraint+MASDebugAdditions.m in Sources */,
			);
			runOnlyForDeploymentPostprocessing = 0;
		};
		FACEA0181F4FD5B900660672 /* Sources */ = {
			isa = PBXSourcesBuildPhase;
			buildActionMask = 2147483647;
			files = (
			);
			runOnlyForDeploymentPostprocessing = 0;
		};
		FACEA0231F4FD5B900660672 /* Sources */ = {
			isa = PBXSourcesBuildPhase;
			buildActionMask = 2147483647;
			files = (
			);
			runOnlyForDeploymentPostprocessing = 0;
		};
/* End PBXSourcesBuildPhase section */

/* Begin PBXTargetDependency section */
		FACEA01E1F4FD5B900660672 /* PBXTargetDependency */ = {
			isa = PBXTargetDependency;
			target = FACEA0021F4FD5B900660672 /* ZHEmptyDataSetPlaceholderViewDemo */;
			targetProxy = FACEA01D1F4FD5B900660672 /* PBXContainerItemProxy */;
		};
		FACEA0291F4FD5B900660672 /* PBXTargetDependency */ = {
			isa = PBXTargetDependency;
			target = FACEA0021F4FD5B900660672 /* ZHEmptyDataSetPlaceholderViewDemo */;
			targetProxy = FACEA0281F4FD5B900660672 /* PBXContainerItemProxy */;
		};
/* End PBXTargetDependency section */

/* Begin PBXVariantGroup section */
		FACEA00F1F4FD5B900660672 /* Main.storyboard */ = {
			isa = PBXVariantGroup;
			children = (
				FACEA0101F4FD5B900660672 /* Base */,
			);
			name = Main.storyboard;
			sourceTree = "<group>";
		};
/* End PBXVariantGroup section */

/* Begin XCBuildConfiguration section */
		FACEA02E1F4FD5B900660672 /* Debug */ = {
			isa = XCBuildConfiguration;
			buildSettings = {
				ALWAYS_SEARCH_USER_PATHS = NO;
				CLANG_ANALYZER_NONNULL = YES;
				CLANG_ANALYZER_NUMBER_OBJECT_CONVERSION = YES_AGGRESSIVE;
				CLANG_CXX_LANGUAGE_STANDARD = "gnu++0x";
				CLANG_CXX_LIBRARY = "libc++";
				CLANG_ENABLE_MODULES = YES;
				CLANG_ENABLE_OBJC_ARC = YES;
				CLANG_WARN_BOOL_CONVERSION = YES;
				CLANG_WARN_CONSTANT_CONVERSION = YES;
				CLANG_WARN_DIRECT_OBJC_ISA_USAGE = YES_ERROR;
				CLANG_WARN_DOCUMENTATION_COMMENTS = YES;
				CLANG_WARN_EMPTY_BODY = YES;
				CLANG_WARN_ENUM_CONVERSION = YES;
				CLANG_WARN_INFINITE_RECURSION = YES;
				CLANG_WARN_INT_CONVERSION = YES;
				CLANG_WARN_OBJC_ROOT_CLASS = YES_ERROR;
				CLANG_WARN_SUSPICIOUS_MOVE = YES;
				CLANG_WARN_UNREACHABLE_CODE = YES;
				CLANG_WARN__DUPLICATE_METHOD_MATCH = YES;
				"CODE_SIGN_IDENTITY[sdk=iphoneos*]" = "iPhone Developer";
				COPY_PHASE_STRIP = NO;
				DEBUG_INFORMATION_FORMAT = dwarf;
				ENABLE_STRICT_OBJC_MSGSEND = YES;
				ENABLE_TESTABILITY = YES;
				GCC_C_LANGUAGE_STANDARD = gnu99;
				GCC_DYNAMIC_NO_PIC = NO;
				GCC_NO_COMMON_BLOCKS = YES;
				GCC_OPTIMIZATION_LEVEL = 0;
				GCC_PREPROCESSOR_DEFINITIONS = (
					"DEBUG=1",
					"$(inherited)",
				);
				GCC_WARN_64_TO_32_BIT_CONVERSION = YES;
				GCC_WARN_ABOUT_RETURN_TYPE = YES_ERROR;
				GCC_WARN_UNDECLARED_SELECTOR = YES;
				GCC_WARN_UNINITIALIZED_AUTOS = YES_AGGRESSIVE;
				GCC_WARN_UNUSED_FUNCTION = YES;
				GCC_WARN_UNUSED_VARIABLE = YES;
				IPHONEOS_DEPLOYMENT_TARGET = 10.3;
				MTL_ENABLE_DEBUG_INFO = YES;
				ONLY_ACTIVE_ARCH = YES;
				SDKROOT = iphoneos;
			};
			name = Debug;
		};
		FACEA02F1F4FD5B900660672 /* Release */ = {
			isa = XCBuildConfiguration;
			buildSettings = {
				ALWAYS_SEARCH_USER_PATHS = NO;
				CLANG_ANALYZER_NONNULL = YES;
				CLANG_ANALYZER_NUMBER_OBJECT_CONVERSION = YES_AGGRESSIVE;
				CLANG_CXX_LANGUAGE_STANDARD = "gnu++0x";
				CLANG_CXX_LIBRARY = "libc++";
				CLANG_ENABLE_MODULES = YES;
				CLANG_ENABLE_OBJC_ARC = YES;
				CLANG_WARN_BOOL_CONVERSION = YES;
				CLANG_WARN_CONSTANT_CONVERSION = YES;
				CLANG_WARN_DIRECT_OBJC_ISA_USAGE = YES_ERROR;
				CLANG_WARN_DOCUMENTATION_COMMENTS = YES;
				CLANG_WARN_EMPTY_BODY = YES;
				CLANG_WARN_ENUM_CONVERSION = YES;
				CLANG_WARN_INFINITE_RECURSION = YES;
				CLANG_WARN_INT_CONVERSION = YES;
				CLANG_WARN_OBJC_ROOT_CLASS = YES_ERROR;
				CLANG_WARN_SUSPICIOUS_MOVE = YES;
				CLANG_WARN_UNREACHABLE_CODE = YES;
				CLANG_WARN__DUPLICATE_METHOD_MATCH = YES;
				"CODE_SIGN_IDENTITY[sdk=iphoneos*]" = "iPhone Developer";
				COPY_PHASE_STRIP = NO;
				DEBUG_INFORMATION_FORMAT = "dwarf-with-dsym";
				ENABLE_NS_ASSERTIONS = NO;
				ENABLE_STRICT_OBJC_MSGSEND = YES;
				GCC_C_LANGUAGE_STANDARD = gnu99;
				GCC_NO_COMMON_BLOCKS = YES;
				GCC_WARN_64_TO_32_BIT_CONVERSION = YES;
				GCC_WARN_ABOUT_RETURN_TYPE = YES_ERROR;
				GCC_WARN_UNDECLARED_SELECTOR = YES;
				GCC_WARN_UNINITIALIZED_AUTOS = YES_AGGRESSIVE;
				GCC_WARN_UNUSED_FUNCTION = YES;
				GCC_WARN_UNUSED_VARIABLE = YES;
				IPHONEOS_DEPLOYMENT_TARGET = 10.3;
				MTL_ENABLE_DEBUG_INFO = NO;
				SDKROOT = iphoneos;
				VALIDATE_PRODUCT = YES;
			};
			name = Release;
		};
		FACEA0311F4FD5B900660672 /* Debug */ = {
			isa = XCBuildConfiguration;
			buildSettings = {
				ASSETCATALOG_COMPILER_APPICON_NAME = AppIcon;
				DEVELOPMENT_TEAM = 2ENWLKZ8AQ;
				GCC_PREFIX_HEADER = "$(SRCROOT)/$(PROJECT_NAME)/PrefixHeader.pch";
				INFOPLIST_FILE = ZHEmptyDataSetPlaceholderViewDemo/Info.plist;
				LD_RUNPATH_SEARCH_PATHS = "$(inherited) @executable_path/Frameworks";
				PRODUCT_BUNDLE_IDENTIFIER = cn.edu.nedu.ZHEmptyDataSetPlaceholderViewDemo;
				PRODUCT_NAME = "$(TARGET_NAME)";
			};
			name = Debug;
		};
		FACEA0321F4FD5B900660672 /* Release */ = {
			isa = XCBuildConfiguration;
			buildSettings = {
				ASSETCATALOG_COMPILER_APPICON_NAME = AppIcon;
				DEVELOPMENT_TEAM = 2ENWLKZ8AQ;
				GCC_PREFIX_HEADER = "$(SRCROOT)/$(PROJECT_NAME)/PrefixHeader.pch";
				INFOPLIST_FILE = ZHEmptyDataSetPlaceholderViewDemo/Info.plist;
				LD_RUNPATH_SEARCH_PATHS = "$(inherited) @executable_path/Frameworks";
				PRODUCT_BUNDLE_IDENTIFIER = cn.edu.nedu.ZHEmptyDataSetPlaceholderViewDemo;
				PRODUCT_NAME = "$(TARGET_NAME)";
			};
			name = Release;
		};
		FACEA0341F4FD5B900660672 /* Debug */ = {
			isa = XCBuildConfiguration;
			buildSettings = {
				BUNDLE_LOADER = "$(TEST_HOST)";
				DEVELOPMENT_TEAM = 2ENWLKZ8AQ;
				INFOPLIST_FILE = ZHEmptyDataSetPlaceholderViewDemoTests/Info.plist;
				LD_RUNPATH_SEARCH_PATHS = "$(inherited) @executable_path/Frameworks @loader_path/Frameworks";
				PRODUCT_BUNDLE_IDENTIFIER = cn.edu.nedu.ZHEmptyDataSetPlaceholderViewDemoTests;
				PRODUCT_NAME = "$(TARGET_NAME)";
				TEST_HOST = "$(BUILT_PRODUCTS_DIR)/ZHEmptyDataSetPlaceholderViewDemo.app/ZHEmptyDataSetPlaceholderViewDemo";
			};
			name = Debug;
		};
		FACEA0351F4FD5B900660672 /* Release */ = {
			isa = XCBuildConfiguration;
			buildSettings = {
				BUNDLE_LOADER = "$(TEST_HOST)";
				DEVELOPMENT_TEAM = 2ENWLKZ8AQ;
				INFOPLIST_FILE = ZHEmptyDataSetPlaceholderViewDemoTests/Info.plist;
				LD_RUNPATH_SEARCH_PATHS = "$(inherited) @executable_path/Frameworks @loader_path/Frameworks";
				PRODUCT_BUNDLE_IDENTIFIER = cn.edu.nedu.ZHEmptyDataSetPlaceholderViewDemoTests;
				PRODUCT_NAME = "$(TARGET_NAME)";
				TEST_HOST = "$(BUILT_PRODUCTS_DIR)/ZHEmptyDataSetPlaceholderViewDemo.app/ZHEmptyDataSetPlaceholderViewDemo";
			};
			name = Release;
		};
		FACEA0371F4FD5B900660672 /* Debug */ = {
			isa = XCBuildConfiguration;
			buildSettings = {
				DEVELOPMENT_TEAM = 2ENWLKZ8AQ;
				INFOPLIST_FILE = ZHEmptyDataSetPlaceholderViewDemoUITests/Info.plist;
				LD_RUNPATH_SEARCH_PATHS = "$(inherited) @executable_path/Frameworks @loader_path/Frameworks";
				PRODUCT_BUNDLE_IDENTIFIER = cn.edu.nedu.ZHEmptyDataSetPlaceholderViewDemoUITests;
				PRODUCT_NAME = "$(TARGET_NAME)";
				TEST_TARGET_NAME = ZHEmptyDataSetPlaceholderViewDemo;
			};
			name = Debug;
		};
		FACEA0381F4FD5B900660672 /* Release */ = {
			isa = XCBuildConfiguration;
			buildSettings = {
				DEVELOPMENT_TEAM = 2ENWLKZ8AQ;
				INFOPLIST_FILE = ZHEmptyDataSetPlaceholderViewDemoUITests/Info.plist;
				LD_RUNPATH_SEARCH_PATHS = "$(inherited) @executable_path/Frameworks @loader_path/Frameworks";
				PRODUCT_BUNDLE_IDENTIFIER = cn.edu.nedu.ZHEmptyDataSetPlaceholderViewDemoUITests;
				PRODUCT_NAME = "$(TARGET_NAME)";
				TEST_TARGET_NAME = ZHEmptyDataSetPlaceholderViewDemo;
			};
			name = Release;
		};
/* End XCBuildConfiguration section */

/* Begin XCConfigurationList section */
		FACE9FFE1F4FD5B900660672 /* Build configuration list for PBXProject "ZHEmptyDataSetPlaceholderViewDemo" */ = {
			isa = XCConfigurationList;
			buildConfigurations = (
				FACEA02E1F4FD5B900660672 /* Debug */,
				FACEA02F1F4FD5B900660672 /* Release */,
			);
			defaultConfigurationIsVisible = 0;
			defaultConfigurationName = Release;
		};
		FACEA0301F4FD5B900660672 /* Build configuration list for PBXNativeTarget "ZHEmptyDataSetPlaceholderViewDemo" */ = {
			isa = XCConfigurationList;
			buildConfigurations = (
				FACEA0311F4FD5B900660672 /* Debug */,
				FACEA0321F4FD5B900660672 /* Release */,
			);
			defaultConfigurationIsVisible = 0;
			defaultConfigurationName = Release;
		};
		FACEA0331F4FD5B900660672 /* Build configuration list for PBXNativeTarget "ZHEmptyDataSetPlaceholderViewDemoTests" */ = {
			isa = XCConfigurationList;
			buildConfigurations = (
				FACEA0341F4FD5B900660672 /* Debug */,
				FACEA0351F4FD5B900660672 /* Release */,
			);
			defaultConfigurationIsVisible = 0;
			defaultConfigurationName = Release;
		};
		FACEA0361F4FD5B900660672 /* Build configuration list for PBXNativeTarget "ZHEmptyDataSetPlaceholderViewDemoUITests" */ = {
			isa = XCConfigurationList;
			buildConfigurations = (
				FACEA0371F4FD5B900660672 /* Debug */,
				FACEA0381F4FD5B900660672 /* Release */,
			);
			defaultConfigurationIsVisible = 0;
			defaultConfigurationName = Release;
		};
/* End XCConfigurationList section */
	};
	rootObject = FACE9FFB1F4FD5B900660672 /* Project object */;
}
